
Microsoft Visual Studio Solution File, Format Version 12.00
# Visual Studio Version 17
VisualStudioVersion = 17.8.34511.84
MinimumVisualStudioVersion = 10.0.40219.1
Project("{FAE04EC0-301F-11D3-BF4B-00C04F79EFBC}") = "CursoCu", "CursoCu\CursoCu.csproj", "{A809ACC0-BE63-497D-B77E-795B0F9098E7}"
EndProject
Global
	GlobalSection(SolutionConfigurationPlatforms) = preSolution
		Debug|Any CPU = Debug|Any CPU
		Release|Any CPU = Release|Any CPU
	EndGlobalSection
	GlobalSection(ProjectConfigurationPlatforms) = postSolution
		{A809ACC0-BE63-497D-B77E-795B0F9098E7}.Debug|Any CPU.ActiveCfg = Debug|Any CPU
		{A809ACC0-BE63-497D-B77E-795B0F9098E7}.Debug|Any CPU.Build.0 = Debug|Any CPU
		{A809ACC0-BE63-497D-B77E-795B0F9098E7}.Release|Any CPU.ActiveCfg = Release|Any CPU
		{A809ACC0-BE63-497D-B77E-795B0F9098E7}.Release|Any CPU.Build.0 = Release|Any CPU
	EndGlobalSection
	GlobalSection(SolutionProperties) = preSolution
		HideSolutionNode = FALSE
	EndGlobalSection
	GlobalSection(ExtensibilityGlobals) = postSolution
		SolutionGuid = {5F392925-6A1B-49BC-A033-9C3C6C164DED}
	EndGlobalSection
EndGlobal
